// !$*UTF8*$!
{
	archiveVersion = 1;
	classes = {
	};
	objectVersion = 46;
	objects = {

/* Begin PBXBuildFile section */
		6F53BE541C6CF5170009CD40 /* AppDelegate.swift in Sources */ = {isa = PBXBuildFile; fileRef = 6F53BE531C6CF5170009CD40 /* AppDelegate.swift */; };
		6F53BE561C6CF5170009CD40 /* ViewController.swift in Sources */ = {isa = PBXBuildFile; fileRef = 6F53BE551C6CF5170009CD40 /* ViewController.swift */; };
		6F53BE591C6CF5170009CD40 /* Main.storyboard in Resources */ = {isa = PBXBuildFile; fileRef = 6F53BE571C6CF5170009CD40 /* Main.storyboard */; };
		6F53BE5B1C6CF5170009CD40 /* Assets.xcassets in Resources */ = {isa = PBXBuildFile; fileRef = 6F53BE5A1C6CF5170009CD40 /* Assets.xcassets */; };
		6F53BE5E1C6CF5170009CD40 /* LaunchScreen.storyboard in Resources */ = {isa = PBXBuildFile; fileRef = 6F53BE5C1C6CF5170009CD40 /* LaunchScreen.storyboard */; };
/* End PBXBuildFile section */

/* Begin PBXFileReference section */
		6F53BE501C6CF5170009CD40 /* DoubleClickSwift.app */ = {isa = PBXFileReference; explicitFileType = wrapper.application; includeInIndex = 0; path = DoubleClickSwift.app; sourceTree = BUILT_PRODUCTS_DIR; };
		6F53BE531C6CF5170009CD40 /* AppDelegate.swift */ = {isa = PBXFileReference; lastKnownFileType = sourcecode.swift; path = AppDelegate.swift; sourceTree = "<group>"; };
		6F53BE551C6CF5170009CD40 /* ViewController.swift */ = {isa = PBXFileReference; lastKnownFileType = sourcecode.swift; path = ViewController.swift; sourceTree = "<group>"; };
		6F53BE581C6CF5170009CD40 /* Base */ = {isa = PBXFileReference; lastKnownFileType = file.storyboard; name = Base; path = Base.lproj/Main.storyboard; sourceTree = "<group>"; };
		6F53BE5A1C6CF5170009CD40 /* Assets.xcassets */ = {isa = PBXFileReference; lastKnownFileType = folder.assetcatalog; path = Assets.xcassets; sourceTree = "<group>"; };
		6F53BE5D1C6CF5170009CD40 /* Base */ = {isa = PBXFileReference; lastKnownFileType = file.storyboard; name = Base; path = Base.lproj/LaunchScreen.storyboard; sourceTree = "<group>"; };
		6F53BE5F1C6CF5170009CD40 /* Info.plist */ = {isa = PBXFileReference; lastKnownFileType = text.plist.xml; path = Info.plist; sourceTree = "<group>"; };
/* End PBXFileReference section */

/* Begin PBXFrameworksBuildPhase section */
		6F53BE4D1C6CF5170009CD40 /* Frameworks */ = {
			isa = PBXFrameworksBuildPhase;
			buildActionMask = 2147483647;
			files = (
			);
			runOnlyForDeploymentPostprocessing = 0;
		};
/* End PBXFrameworksBuildPhase section */

/* Begin PBXGroup section */
		6F53BE471C6CF5170009CD40 = {
			isa = PBXGroup;
			children = (
				6F53BE521C6CF5170009CD40 /* DoubleClickSwift */,
				6F53BE511C6CF5170009CD40 /* Products */,
			);
			sourceTree = "<group>";
		};
		6F53BE511C6CF5170009CD40 /* Products */ = {
			isa = PBXGroup;
			children = (
				6F53BE501C6CF5170009CD40 /* DoubleClickSwift.app */,
			);
			name = Products;
			sourceTree = "<group>";
		};
		6F53BE521C6CF5170009CD40 /* DoubleClickSwift */ = {
			isa = PBXGroup;
			children = (
				6F53BE531C6CF5170009CD40 /* AppDelegate.swift */,
				6F53BE551C6CF5170009CD40 /* ViewController.swift */,
				6F53BE571C6CF5170009CD40 /* Main.storyboard */,
				6F53BE5A1C6CF5170009CD40 /* Assets.xcassets */,
				6F53BE5C1C6CF5170009CD40 /* LaunchScreen.storyboard */,
				6F53BE5F1C6CF5170009CD40 /* Info.plist */,
			);
			path = DoubleClickSwift;
			sourceTree = "<group>";
		};
/* End PBXGroup section */

/* Begin PBXNativeTarget section */
		6F53BE4F1C6CF5170009CD40 /* DoubleClickSwift */ = {
			isa = PBXNativeTarget;
			buildConfigurationList = 6F53BE621C6CF5170009CD40 /* Build configuration list for PBXNativeTarget "DoubleClickSwift" */;
			buildPhases = (
				6F53BE4C1C6CF5170009CD40 /* Sources */,
				6F53BE4D1C6CF5170009CD40 /* Frameworks */,
				6F53BE4E1C6CF5170009CD40 /* Resources */,
			);
			buildRules = (
			);
			dependencies = (
			);
			name = DoubleClickSwift;
			productName = DoubleClickSwift;
			productReference = 6F53BE501C6CF5170009CD40 /* DoubleClickSwift.app */;
			productType = "com.apple.product-type.application";
		};
/* End PBXNativeTarget section */

/* Begin PBXProject section */
		6F53BE481C6CF5170009CD40 /* Project object */ = {
			isa = PBXProject;
			attributes = {
				LastSwiftUpdateCheck = 0720;
				LastUpgradeCheck = 0720;
				ORGANIZATIONNAME = "Nikita Mikhailovich Titov";
				TargetAttributes = {
					6F53BE4F1C6CF5170009CD40 = {
						CreatedOnToolsVersion = 7.2;
					};
				};
			};
			buildConfigurationList = 6F53BE4B1C6CF5170009CD40 /* Build configuration list for PBXProject "DoubleClickSwift" */;
			compatibilityVersion = "Xcode 3.2";
			developmentRegion = English;
			hasScannedForEncodings = 0;
			knownRegions = (
				en,
				Base,
			);
			mainGroup = 6F53BE471C6CF5170009CD40;
			productRefGroup = 6F53BE511C6CF5170009CD40 /* Products */;
			projectDirPath = "";
			projectRoot = "";
			targets = (
				6F53BE4F1C6CF5170009CD40 /* DoubleClickSwift */,
			);
		};
/* End PBXProject section */

/* Begin PBXResourcesBuildPhase section */
		6F53BE4E1C6CF5170009CD40 /* Resources */ = {
			isa = PBXResourcesBuildPhase;
			buildActionMask = 2147483647;
			files = (
				6F53BE5E1C6CF5170009CD40 /* LaunchScreen.storyboard in Resources */,
				6F53BE5B1C6CF5170009CD40 /* Assets.xcassets in Resources */,
				6F53BE591C6CF5170009CD40 /* Main.storyboard in Resources */,
			);
			runOnlyForDeploymentPostprocessing = 0;
		};
/* End PBXResourcesBuildPhase section */

/* Begin PBXSourcesBuildPhase section */
		6F53BE4C1C6CF5170009CD40 /* Sources */ = {
			isa = PBXSourcesBuildPhase;
			buildActionMask = 2147483647;
			files = (
				6F53BE561C6CF5170009CD40 /* ViewController.swift in Sources */,
				6F53BE541C6CF5170009CD40 /* AppDelegate.swift in Sources */,
			);
			runOnlyForDeploymentPostprocessing = 0;
		};
/* End PBXSourcesBuildPhase section */

/* Begin PBXVariantGroup section */
		6F53BE571C6CF5170009CD40 /* Main.storyboard */ = {
			isa = PBXVariantGroup;
			children = (
				6F53BE581C6CF5170009CD40 /* Base */,
			);
			name = Main.storyboard;
			sourceTree = "<group>";
		};
		6F53BE5C1C6CF5170009CD40 /* LaunchScreen.storyboard */ = {
			isa = PBXVariantGroup;
			children = (
				6F53BE5D1C6CF5170009CD40 /* Base */,
			);
			name = LaunchScreen.storyboard;
			sourceTree = "<group>";
		};
/* End PBXVariantGroup section */

/* Begin XCBuildConfiguration section */
		6F53BE601C6CF5170009CD40 /* Debug */ = {
			isa = XCBuildConfiguration;
			buildSettings = {
				ALWAYS_SEARCH_USER_PATHS = NO;
				CLANG_CXX_LANGUAGE_STANDARD = "gnu++0x";
				CLANG_CXX_LIBRARY = "libc++";
				CLANG_ENABLE_MODULES = YES;
				CLANG_ENABLE_OBJC_ARC = YES;
				CLANG_WARN_BOOL_CONVERSION = YES;
				CLANG_WARN_CONSTANT_CONVERSION = YES;
				CLANG_WARN_DIRECT_OBJC_ISA_USAGE = YES_ERROR;
				CLANG_WARN_EMPTY_BODY = YES;
				CLANG_WARN_ENUM_CONVERSION = YES;
				CLANG_WARN_INT_CONVERSION = YES;
				CLANG_WARN_OBJC_ROOT_CLASS = YES_ERROR;
				CLANG_WARN_UNREACHABLE_CODE = YES;
				CLANG_WARN__DUPLICATE_METHOD_MATCH = YES;
				"CODE_SIGN_IDENTITY[sdk=iphoneos*]" = "iPhone Developer";
				COPY_PHASE_STRIP = NO;
				DEBUG_INFORMATION_FORMAT = dwarf;
				ENABLE_STRICT_OBJC_MSGSEND = YES;
				ENABLE_TESTABILITY = YES;
				GCC_C_LANGUAGE_STANDARD = gnu99;
				GCC_DYNAMIC_NO_PIC = NO;
				GCC_NO_COMMON_BLOCKS = YES;
				GCC_OPTIMIZATION_LEVEL = 0;
				GCC_PREPROCESSOR_DEFINITIONS = (
					"DEBUG=1",
					"$(inherited)",
				);
				GCC_WARN_64_TO_32_BIT_CONVERSION = YES;
				GCC_WARN_ABOUT_RETURN_TYPE = YES_ERROR;
				GCC_WARN_UNDECLARED_SELECTOR = YES;
				GCC_WARN_UNINITIALIZED_AUTOS = YES_AGGRESSIVE;
				GCC_WARN_UNUSED_FUNCTION = YES;
				GCC_WARN_UNUSED_VARIABLE = YES;
				IPHONEOS_DEPLOYMENT_TARGET = 9.2;
				MTL_ENABLE_DEBUG_INFO = YES;
				ONLY_ACTIVE_ARCH = YES;
				SDKROOT = iphoneos;
				SWIFT_OPTIMIZATION_LEVEL = "-Onone";
			};
			name = Debug;
		};
		6F53BE611C6CF5170009CD40 /* Release */ = {
			isa = XCBuildConfiguration;
			buildSettings = {
				ALWAYS_SEARCH_USER_PATHS = NO;
				CLANG_CXX_LANGUAGE_STANDARD = "gnu++0x";
				CLANG_CXX_LIBRARY = "libc++";
				CLANG_ENABLE_MODULES = YES;
				CLANG_ENABLE_OBJC_ARC = YES;
				CLANG_WARN_BOOL_CONVERSION = YES;
				CLANG_WARN_CONSTANT_CONVERSION = YES;
				CLANG_WARN_DIRECT_OBJC_ISA_USAGE = YES_ERROR;
				CLANG_WARN_EMPTY_BODY = YES;
				CLANG_WARN_ENUM_CONVERSION = YES;
				CLANG_WARN_INT_CONVERSION = YES;
				CLANG_WARN_OBJC_ROOT_CLASS = YES_ERROR;
				CLANG_WARN_UNREACHABLE_CODE = YES;
				CLANG_WARN__DUPLICATE_METHOD_MATCH = YES;
				"CODE_SIGN_IDENTITY[sdk=iphoneos*]" = "iPhone Developer";
				COPY_PHASE_STRIP = NO;
				DEBUG_INFORMATION_FORMAT = "dwarf-with-dsym";
				ENABLE_NS_ASSERTIONS = NO;
				ENABLE_STRICT_OBJC_MSGSEND = YES;
				GCC_C_LANGUAGE_STANDARD = gnu99;
				GCC_NO_COMMON_BLOCKS = YES;
				GCC_WARN_64_TO_32_BIT_CONVERSION = YES;
				GCC_WARN_ABOUT_RETURN_TYPE = YES_ERROR;
				GCC_WARN_UNDECLARED_SELECTOR = YES;
				GCC_WARN_UNINITIALIZED_AUTOS = YES_AGGRESSIVE;
				GCC_WARN_UNUSED_FUNCTION = YES;
				GCC_WARN_UNUSED_VARIABLE = YES;
				IPHONEOS_DEPLOYMENT_TARGET = 9.2;
				MTL_ENABLE_DEBUG_INFO = NO;
				SDKROOT = iphoneos;
				VALIDATE_PRODUCT = YES;
			};
			name = Release;
		};
		6F53BE631C6CF5170009CD40 /* Debug */ = {
			isa = XCBuildConfiguration;
			buildSettings = {
				ASSETCATALOG_COMPILER_APPICON_NAME = AppIcon;
				INFOPLIST_FILE = DoubleClickSwift/Info.plist;
				LD_RUNPATH_SEARCH_PATHS = "$(inherited) @executable_path/Frameworks";
				PRODUCT_BUNDLE_IDENTIFIER = com.nmtitov.DoubleClickSwift;
				PRODUCT_NAME = "$(TARGET_NAME)";
			};
			name = Debug;
		};
		6F53BE641C6CF5170009CD40 /* Release */ = {
			isa = XCBuildConfiguration;
			buildSettings = {
				ASSETCATALOG_COMPILER_APPICON_NAME = AppIcon;
				INFOPLIST_FILE = DoubleClickSwift/Info.plist;
				LD_RUNPATH_SEARCH_PATHS = "$(inherited) @executable_path/Frameworks";
				PRODUCT_BUNDLE_IDENTIFIER = com.nmtitov.DoubleClickSwift;
				PRODUCT_NAME = "$(TARGET_NAME)";
			};
			name = Release;
		};
/* End XCBuildConfiguration section */

/* Begin XCConfigurationList section */
		6F53BE4B1C6CF5170009CD40 /* Build configuration list for PBXProject "DoubleClickSwift" */ = {
			isa = XCConfigurationList;
			buildConfigurations = (
				6F53BE601C6CF5170009CD40 /* Debug */,
				6F53BE611C6CF5170009CD40 /* Release */,
			);
			defaultConfigurationIsVisible = 0;
			defaultConfigurationName = Release;
		};
		6F53BE621C6CF5170009CD40 /* Build configuration list for PBXNativeTarget "DoubleClickSwift" */ = {
			isa = XCConfigurationList;
			buildConfigurations = (
				6F53BE631C6CF5170009CD40 /* Debug */,
				6F53BE641C6CF5170009CD40 /* Release */,
			);
			defaultConfigurationIsVisible = 0;
		};
/* End XCConfigurationList section */
	};
	rootObject = 6F53BE481C6CF5170009CD40 /* Project object */;
}
